
Microsoft Visual Studio Solution File, Format Version 12.00
# Visual Studio Version 16
VisualStudioVersion = 16.0.31321.278
MinimumVisualStudioVersion = 10.0.40219.1
Project("{9A19103F-16F7-4668-BE54-9A1E7A4F7556}") = "Figure", "Figure\Figure.csproj", "{663262D9-61EE-4342-977F-CDC7C3D9EDE5}"
EndProject
Project("{9A19103F-16F7-4668-BE54-9A1E7A4F7556}") = "Test", "Test\Test.csproj", "{0C8FB54D-6A5C-4964-B52D-07BD9D1B7016}"
EndProject
Global
	GlobalSection(SolutionConfigurationPlatforms) = preSolution
		Debug|Any CPU = Debug|Any CPU
		Release|Any CPU = Release|Any CPU
	EndGlobalSection
	GlobalSection(ProjectConfigurationPlatforms) = postSolution
		{663262D9-61EE-4342-977F-CDC7C3D9EDE5}.Debug|Any CPU.ActiveCfg = Debug|Any CPU
		{663262D9-61EE-4342-977F-CDC7C3D9EDE5}.Debug|Any CPU.Build.0 = Debug|Any CPU
		{663262D9-61EE-4342-977F-CDC7C3D9EDE5}.Release|Any CPU.ActiveCfg = Release|Any CPU
		{663262D9-61EE-4342-977F-CDC7C3D9EDE5}.Release|Any CPU.Build.0 = Release|Any CPU
		{0C8FB54D-6A5C-4964-B52D-07BD9D1B7016}.Debug|Any CPU.ActiveCfg = Debug|Any CPU
		{0C8FB54D-6A5C-4964-B52D-07BD9D1B7016}.Debug|Any CPU.Build.0 = Debug|Any CPU
		{0C8FB54D-6A5C-4964-B52D-07BD9D1B7016}.Release|Any CPU.ActiveCfg = Release|Any CPU
		{0C8FB54D-6A5C-4964-B52D-07BD9D1B7016}.Release|Any CPU.Build.0 = Release|Any CPU
	EndGlobalSection
	GlobalSection(SolutionProperties) = preSolution
		HideSolutionNode = FALSE
	EndGlobalSection
	GlobalSection(ExtensibilityGlobals) = postSolution
		SolutionGuid = {D82D51FC-C6CE-433B-9D83-C405431F9574}
	EndGlobalSection
EndGlobal
